
Microsoft Visual Studio Solution File, Format Version 12.00
# Visual Studio Version 17
VisualStudioVersion = 17.10.34928.147
MinimumVisualStudioVersion = 10.0.40219.1
Project("{FAE04EC0-301F-11D3-BF4B-00C04F79EFBC}") = "ClassLibrary", "ClassLibrary\ClassLibrary\ClassLibrary.csproj", "{04DD2926-7A64-4A85-A3AD-469800D01FF5}"
EndProject
Project("{FAE04EC0-301F-11D3-BF4B-00C04F79EFBC}") = "webserver", "webserver\webserver\webserver.csproj", "{3538BCAD-1802-4329-822F-A134446416DD}"
EndProject
Project("{FAE04EC0-301F-11D3-BF4B-00C04F79EFBC}") = "website", "website\website\website.csproj", "{4CB56919-C80C-45D5-B2ED-C6A5578B23C2}"
EndProject
Project("{FAE04EC0-301F-11D3-BF4B-00C04F79EFBC}") = "NetworkExpander", "NetworkExpander\NetworkExpander\NetworkExpander.csproj", "{7A9AFC41-73BE-421E-A6ED-6C6CEDD9BAA7}"
EndProject
Global
	GlobalSection(SolutionConfigurationPlatforms) = preSolution
		Debug|Any CPU = Debug|Any CPU
		Release|Any CPU = Release|Any CPU
	EndGlobalSection
	GlobalSection(ProjectConfigurationPlatforms) = postSolution
		{04DD2926-7A64-4A85-A3AD-469800D01FF5}.Debug|Any CPU.ActiveCfg = Debug|Any CPU
		{04DD2926-7A64-4A85-A3AD-469800D01FF5}.Debug|Any CPU.Build.0 = Debug|Any CPU
		{04DD2926-7A64-4A85-A3AD-469800D01FF5}.Release|Any CPU.ActiveCfg = Release|Any CPU
		{04DD2926-7A64-4A85-A3AD-469800D01FF5}.Release|Any CPU.Build.0 = Release|Any CPU
		{3538BCAD-1802-4329-822F-A134446416DD}.Debug|Any CPU.ActiveCfg = Debug|Any CPU
		{3538BCAD-1802-4329-822F-A134446416DD}.Debug|Any CPU.Build.0 = Debug|Any CPU
		{3538BCAD-1802-4329-822F-A134446416DD}.Release|Any CPU.ActiveCfg = Release|Any CPU
		{3538BCAD-1802-4329-822F-A134446416DD}.Release|Any CPU.Build.0 = Release|Any CPU
		{4CB56919-C80C-45D5-B2ED-C6A5578B23C2}.Debug|Any CPU.ActiveCfg = Debug|Any CPU
		{4CB56919-C80C-45D5-B2ED-C6A5578B23C2}.Debug|Any CPU.Build.0 = Debug|Any CPU
		{4CB56919-C80C-45D5-B2ED-C6A5578B23C2}.Release|Any CPU.ActiveCfg = Release|Any CPU
		{4CB56919-C80C-45D5-B2ED-C6A5578B23C2}.Release|Any CPU.Build.0 = Release|Any CPU
		{7A9AFC41-73BE-421E-A6ED-6C6CEDD9BAA7}.Debug|Any CPU.ActiveCfg = Debug|Any CPU
		{7A9AFC41-73BE-421E-A6ED-6C6CEDD9BAA7}.Debug|Any CPU.Build.0 = Debug|Any CPU
		{7A9AFC41-73BE-421E-A6ED-6C6CEDD9BAA7}.Release|Any CPU.ActiveCfg = Release|Any CPU
		{7A9AFC41-73BE-421E-A6ED-6C6CEDD9BAA7}.Release|Any CPU.Build.0 = Release|Any CPU
	EndGlobalSection
	GlobalSection(SolutionProperties) = preSolution
		HideSolutionNode = FALSE
	EndGlobalSection
	GlobalSection(ExtensibilityGlobals) = postSolution
		SolutionGuid = {2102F14A-BA0A-423C-9FF0-7799CDB2783B}
	EndGlobalSection
	GlobalSection(SharedMSBuildProjectFiles) = preSolution
		..\SharedClasses\SharedClasses\SharedClasses.projitems*{8be505ec-d1d8-4724-a10c-df46aa512f71}*SharedItemsImports = 5
		..\SharedClasses\SharedClasses\SharedClasses.projitems*{bb0b6675-6a1c-499a-9d4b-b226e004f989}*SharedItemsImports = 5
	EndGlobalSection
EndGlobal
